dependencies:
- name: redis
  repository: oci://registry-1.docker.io/bitnamicharts
  version: 19.1.5
- name: postgresql
  repository: oci://registry-1.docker.io/bitnamicharts
  version: 15.2.12
- name: minio
  repository: oci://registry-1.docker.io/bitnamicharts
  version: 14.1.8
digest: sha256:39715ffe89119d01985861eced93747f441f12b6d27a28f6015c156c27bb56ec
generated: "2025-10-08T20:33:43.975674+09:00"
