dependencies:
- name: redis
  repository: https://raw.githubusercontent.com/bitnami/charts/archive-full-index/bitnami
  version: 19.1.1
- name: postgresql
  repository: https://raw.githubusercontent.com/bitnami/charts/archive-full-index/bitnami
  version: 15.2.5
- name: minio
  repository: https://raw.githubusercontent.com/bitnami/charts/archive-full-index/bitnami
  version: 14.1.7
digest: sha256:3bcefccd413dcae525b70c3200cc8067ee29ab109fe0de4337c528636f5b6989
generated: "2024-04-18T17:57:55.05465596+08:00"
