dependencies:
- name: redis
  repository: oci://registry-1.docker.io/bitnamicharts
  version: 23.1.1
- name: postgresql
  repository: oci://registry-1.docker.io/bitnamicharts
  version: 18.0.8
- name: minio
  repository: oci://registry-1.docker.io/bitnamicharts
  version: 14.1.8
digest: sha256:a2655ea5c08c2b958ea1e63c8ebf427d66a1106fa219e523643939b6b9b2355d
generated: "2025-10-09T18:48:15.170004+09:00"
