dependencies:
- name: redis
  repository: https://charts.bitnami.com/bitnami
  version: 15.7.6
- name: mysql
  repository: https://charts.bitnami.com/bitnami
  version: 8.8.35
- name: goinception
  repository: https://douban.github.io/charts/
  version: 0.1.0
digest: sha256:4dd9aebf8b59db91b53e3e2d1436f10eeeae5090a130c7a3cabb00b46b98adcb
generated: "2022-05-27T16:28:47.6198638+08:00"
