dependencies:
- name: redis
  repository: https://raw.githubusercontent.com/bitnami/charts/archive-full-index/bitnami
  version: 15.7.6
- name: mysql
  repository: https://raw.githubusercontent.com/bitnami/charts/archive-full-index/bitnami
  version: 8.8.35
- name: goinception
  repository: https://douban.github.io/charts/
  version: 0.2.0
digest: sha256:edadfb3265b2643adc241b91f26f90c06d2b39797dbde6efb98e689cc1731cda
generated: "2023-01-17T17:36:33.3549974+08:00"
