dependencies:
- name: redis
  repository: https://charts.bitnami.com/bitnami
  version: ~15.7.1
- name: mysql
  repository: https://charts.bitnami.com/bitnami
  version: ~8.8.20
- name: goinception
  repository: https://douban.github.io/charts/
  version: 0.1.0
digest: sha256:315860e73062960be8e25c27f12a1f9dba1ccbf554eacf4c234a30d591043fee
generated: "2022-05-27T15:41:08.7336727+08:00"
